// !$*UTF8*$!
{
	archiveVersion = 1;
	classes = {
	};
	objectVersion = 46;
	objects = {

/* Begin PBXBuildFile section */
		1E6145DB1D2CDEF100B06169 /* AppDelegate.swift in Sources */ = {isa = PBXBuildFile; fileRef = 1E6145DA1D2CDEF100B06169 /* AppDelegate.swift */; };
		1E6145DD1D2CDEF100B06169 /* ViewController.swift in Sources */ = {isa = PBXBuildFile; fileRef = 1E6145DC1D2CDEF100B06169 /* ViewController.swift */; };
		1E6145E01D2CDEF200B06169 /* Main.storyboard in Resources */ = {isa = PBXBuildFile; fileRef = 1E6145DE1D2CDEF200B06169 /* Main.storyboard */; };
		1E6145E31D2CDEF200B06169 /* MapMark.xcdatamodeld in Sources */ = {isa = PBXBuildFile; fileRef = 1E6145E11D2CDEF200B06169 /* MapMark.xcdatamodeld */; };
		1E6145E51D2CDEF200B06169 /* Assets.xcassets in Resources */ = {isa = PBXBuildFile; fileRef = 1E6145E41D2CDEF200B06169 /* Assets.xcassets */; };
		1E6145E81D2CDEF200B06169 /* LaunchScreen.storyboard in Resources */ = {isa = PBXBuildFile; fileRef = 1E6145E61D2CDEF200B06169 /* LaunchScreen.storyboard */; };
/* End PBXBuildFile section */

/* Begin PBXFileReference section */
		1E6145D71D2CDEF100B06169 /* MapMark.app */ = {isa = PBXFileReference; explicitFileType = wrapper.application; includeInIndex = 0; path = MapMark.app; sourceTree = BUILT_PRODUCTS_DIR; };
		1E6145DA1D2CDEF100B06169 /* AppDelegate.swift */ = {isa = PBXFileReference; lastKnownFileType = sourcecode.swift; path = AppDelegate.swift; sourceTree = "<group>"; };
		1E6145DC1D2CDEF100B06169 /* ViewController.swift */ = {isa = PBXFileReference; lastKnownFileType = sourcecode.swift; path = ViewController.swift; sourceTree = "<group>"; };
		1E6145DF1D2CDEF200B06169 /* Base */ = {isa = PBXFileReference; lastKnownFileType = file.storyboard; name = Base; path = Base.lproj/Main.storyboard; sourceTree = "<group>"; };
		1E6145E21D2CDEF200B06169 /* MapMark.xcdatamodel */ = {isa = PBXFileReference; lastKnownFileType = wrapper.xcdatamodel; path = MapMark.xcdatamodel; sourceTree = "<group>"; };
		1E6145E41D2CDEF200B06169 /* Assets.xcassets */ = {isa = PBXFileReference; lastKnownFileType = folder.assetcatalog; path = Assets.xcassets; sourceTree = "<group>"; };
		1E6145E71D2CDEF200B06169 /* Base */ = {isa = PBXFileReference; lastKnownFileType = file.storyboard; name = Base; path = Base.lproj/LaunchScreen.storyboard; sourceTree = "<group>"; };
		1E6145E91D2CDEF200B06169 /* Info.plist */ = {isa = PBXFileReference; lastKnownFileType = text.plist.xml; path = Info.plist; sourceTree = "<group>"; };
/* End PBXFileReference section */

/* Begin PBXFrameworksBuildPhase section */
		1E6145D41D2CDEF100B06169 /* Frameworks */ = {
			isa = PBXFrameworksBuildPhase;
			buildActionMask = 2147483647;
			files = (
			);
			runOnlyForDeploymentPostprocessing = 0;
		};
/* End PBXFrameworksBuildPhase section */

/* Begin PBXGroup section */
		1E6145CE1D2CDEF100B06169 = {
			isa = PBXGroup;
			children = (
				1E6145D91D2CDEF100B06169 /* MapMark */,
				1E6145D81D2CDEF100B06169 /* Products */,
			);
			sourceTree = "<group>";
		};
		1E6145D81D2CDEF100B06169 /* Products */ = {
			isa = PBXGroup;
			children = (
				1E6145D71D2CDEF100B06169 /* MapMark.app */,
			);
			name = Products;
			sourceTree = "<group>";
		};
		1E6145D91D2CDEF100B06169 /* MapMark */ = {
			isa = PBXGroup;
			children = (
				1E6145DA1D2CDEF100B06169 /* AppDelegate.swift */,
				1E6145DC1D2CDEF100B06169 /* ViewController.swift */,
				1E6145DE1D2CDEF200B06169 /* Main.storyboard */,
				1E6145E41D2CDEF200B06169 /* Assets.xcassets */,
				1E6145E61D2CDEF200B06169 /* LaunchScreen.storyboard */,
				1E6145E91D2CDEF200B06169 /* Info.plist */,
				1E6145E11D2CDEF200B06169 /* MapMark.xcdatamodeld */,
			);
			path = MapMark;
			sourceTree = "<group>";
		};
/* End PBXGroup section */

/* Begin PBXNativeTarget section */
		1E6145D61D2CDEF100B06169 /* MapMark */ = {
			isa = PBXNativeTarget;
			buildConfigurationList = 1E6145EC1D2CDEF200B06169 /* Build configuration list for PBXNativeTarget "MapMark" */;
			buildPhases = (
				1E6145D31D2CDEF100B06169 /* Sources */,
				1E6145D41D2CDEF100B06169 /* Frameworks */,
				1E6145D51D2CDEF100B06169 /* Resources */,
			);
			buildRules = (
			);
			dependencies = (
			);
			name = MapMark;
			productName = MapMark;
			productReference = 1E6145D71D2CDEF100B06169 /* MapMark.app */;
			productType = "com.apple.product-type.application";
		};
/* End PBXNativeTarget section */

/* Begin PBXProject section */
		1E6145CF1D2CDEF100B06169 /* Project object */ = {
			isa = PBXProject;
			attributes = {
				LastSwiftUpdateCheck = 0730;
				LastUpgradeCheck = 0730;
				ORGANIZATIONNAME = "Nicholas Rogers";
				TargetAttributes = {
					1E6145D61D2CDEF100B06169 = {
						CreatedOnToolsVersion = 7.3.1;
					};
				};
			};
			buildConfigurationList = 1E6145D21D2CDEF100B06169 /* Build configuration list for PBXProject "MapMark" */;
			compatibilityVersion = "Xcode 3.2";
			developmentRegion = English;
			hasScannedForEncodings = 0;
			knownRegions = (
				en,
				Base,
			);
			mainGroup = 1E6145CE1D2CDEF100B06169;
			productRefGroup = 1E6145D81D2CDEF100B06169 /* Products */;
			projectDirPath = "";
			projectRoot = "";
			targets = (
				1E6145D61D2CDEF100B06169 /* MapMark */,
			);
		};
/* End PBXProject section */

/* Begin PBXResourcesBuildPhase section */
		1E6145D51D2CDEF100B06169 /* Resources */ = {
			isa = PBXResourcesBuildPhase;
			buildActionMask = 2147483647;
			files = (
				1E6145E81D2CDEF200B06169 /* LaunchScreen.storyboard in Resources */,
				1E6145E51D2CDEF200B06169 /* Assets.xcassets in Resources */,
				1E6145E01D2CDEF200B06169 /* Main.storyboard in Resources */,
			);
			runOnlyForDeploymentPostprocessing = 0;
		};
/* End PBXResourcesBuildPhase section */

/* Begin PBXSourcesBuildPhase section */
		1E6145D31D2CDEF100B06169 /* Sources */ = {
			isa = PBXSourcesBuildPhase;
			buildActionMask = 2147483647;
			files = (
				1E6145DD1D2CDEF100B06169 /* ViewController.swift in Sources */,
				1E6145E31D2CDEF200B06169 /* MapMark.xcdatamodeld in Sources */,
				1E6145DB1D2CDEF100B06169 /* AppDelegate.swift in Sources */,
			);
			runOnlyForDeploymentPostprocessing = 0;
		};
/* End PBXSourcesBuildPhase section */

/* Begin PBXVariantGroup section */
		1E6145DE1D2CDEF200B06169 /* Main.storyboard */ = {
			isa = PBXVariantGroup;
			children = (
				1E6145DF1D2CDEF200B06169 /* Base */,
			);
			name = Main.storyboard;
			sourceTree = "<group>";
		};
		1E6145E61D2CDEF200B06169 /* LaunchScreen.storyboard */ = {
			isa = PBXVariantGroup;
			children = (
				1E6145E71D2CDEF200B06169 /* Base */,
			);
			name = LaunchScreen.storyboard;
			sourceTree = "<group>";
		};
/* End PBXVariantGroup section */

/* Begin XCBuildConfiguration section */
		1E6145EA1D2CDEF200B06169 /* Debug */ = {
			isa = XCBuildConfiguration;
			buildSettings = {
				ALWAYS_SEARCH_USER_PATHS = NO;
				CLANG_ANALYZER_NONNULL = YES;
				CLANG_CXX_LANGUAGE_STANDARD = "gnu++0x";
				CLANG_CXX_LIBRARY = "libc++";
				CLANG_ENABLE_MODULES = YES;
				CLANG_ENABLE_OBJC_ARC = YES;
				CLANG_WARN_BOOL_CONVERSION = YES;
				CLANG_WARN_CONSTANT_CONVERSION = YES;
				CLANG_WARN_DIRECT_OBJC_ISA_USAGE = YES_ERROR;
				CLANG_WARN_EMPTY_BODY = YES;
				CLANG_WARN_ENUM_CONVERSION = YES;
				CLANG_WARN_INT_CONVERSION = YES;
				CLANG_WARN_OBJC_ROOT_CLASS = YES_ERROR;
				CLANG_WARN_UNREACHABLE_CODE = YES;
				CLANG_WARN__DUPLICATE_METHOD_MATCH = YES;
				"CODE_SIGN_IDENTITY[sdk=iphoneos*]" = "iPhone Developer";
				COPY_PHASE_STRIP = NO;
				DEBUG_INFORMATION_FORMAT = dwarf;
				ENABLE_STRICT_OBJC_MSGSEND = YES;
				ENABLE_TESTABILITY = YES;
				GCC_C_LANGUAGE_STANDARD = gnu99;
				GCC_DYNAMIC_NO_PIC = NO;
				GCC_NO_COMMON_BLOCKS = YES;
				GCC_OPTIMIZATION_LEVEL = 0;
				GCC_PREPROCESSOR_DEFINITIONS = (
					"DEBUG=1",
					"$(inherited)",
				);
				GCC_WARN_64_TO_32_BIT_CONVERSION = YES;
				GCC_WARN_ABOUT_RETURN_TYPE = YES_ERROR;
				GCC_WARN_UNDECLARED_SELECTOR = YES;
				GCC_WARN_UNINITIALIZED_AUTOS = YES_AGGRESSIVE;
				GCC_WARN_UNUSED_FUNCTION = YES;
				GCC_WARN_UNUSED_VARIABLE = YES;
				IPHONEOS_DEPLOYMENT_TARGET = 9.3;
				MTL_ENABLE_DEBUG_INFO = YES;
				ONLY_ACTIVE_ARCH = YES;
				SDKROOT = iphoneos;
				SWIFT_OPTIMIZATION_LEVEL = "-Onone";
			};
			name = Debug;
		};
		1E6145EB1D2CDEF200B06169 /* Release */ = {
			isa = XCBuildConfiguration;
			buildSettings = {
				ALWAYS_SEARCH_USER_PATHS = NO;
				CLANG_ANALYZER_NONNULL = YES;
				CLANG_CXX_LANGUAGE_STANDARD = "gnu++0x";
				CLANG_CXX_LIBRARY = "libc++";
				CLANG_ENABLE_MODULES = YES;
				CLANG_ENABLE_OBJC_ARC = YES;
				CLANG_WARN_BOOL_CONVERSION = YES;
				CLANG_WARN_CONSTANT_CONVERSION = YES;
				CLANG_WARN_DIRECT_OBJC_ISA_USAGE = YES_ERROR;
				CLANG_WARN_EMPTY_BODY = YES;
				CLANG_WARN_ENUM_CONVERSION = YES;
				CLANG_WARN_INT_CONVERSION = YES;
				CLANG_WARN_OBJC_ROOT_CLASS = YES_ERROR;
				CLANG_WARN_UNREACHABLE_CODE = YES;
				CLANG_WARN__DUPLICATE_METHOD_MATCH = YES;
				"CODE_SIGN_IDENTITY[sdk=iphoneos*]" = "iPhone Developer";
				COPY_PHASE_STRIP = NO;
				DEBUG_INFORMATION_FORMAT = "dwarf-with-dsym";
				ENABLE_NS_ASSERTIONS = NO;
				ENABLE_STRICT_OBJC_MSGSEND = YES;
				GCC_C_LANGUAGE_STANDARD = gnu99;
				GCC_NO_COMMON_BLOCKS = YES;
				GCC_WARN_64_TO_32_BIT_CONVERSION = YES;
				GCC_WARN_ABOUT_RETURN_TYPE = YES_ERROR;
				GCC_WARN_UNDECLARED_SELECTOR = YES;
				GCC_WARN_UNINITIALIZED_AUTOS = YES_AGGRESSIVE;
				GCC_WARN_UNUSED_FUNCTION = YES;
				GCC_WARN_UNUSED_VARIABLE = YES;
				IPHONEOS_DEPLOYMENT_TARGET = 9.3;
				MTL_ENABLE_DEBUG_INFO = NO;
				SDKROOT = iphoneos;
				VALIDATE_PRODUCT = YES;
			};
			name = Release;
		};
		1E6145ED1D2CDEF200B06169 /* Debug */ = {
			isa = XCBuildConfiguration;
			buildSettings = {
				ASSETCATALOG_COMPILER_APPICON_NAME = AppIcon;
				INFOPLIST_FILE = MapMark/Info.plist;
				LD_RUNPATH_SEARCH_PATHS = "$(inherited) @executable_path/Frameworks";
				PRODUCT_BUNDLE_IDENTIFIER = "Nicholas-Rogers.MapMark";
				PRODUCT_NAME = "$(TARGET_NAME)";
			};
			name = Debug;
		};
		1E6145EE1D2CDEF200B06169 /* Release */ = {
			isa = XCBuildConfiguration;
			buildSettings = {
				ASSETCATALOG_COMPILER_APPICON_NAME = AppIcon;
				INFOPLIST_FILE = MapMark/Info.plist;
				LD_RUNPATH_SEARCH_PATHS = "$(inherited) @executable_path/Frameworks";
				PRODUCT_BUNDLE_IDENTIFIER = "Nicholas-Rogers.MapMark";
				PRODUCT_NAME = "$(TARGET_NAME)";
			};
			name = Release;
		};
/* End XCBuildConfiguration section */

/* Begin XCConfigurationList section */
		1E6145D21D2CDEF100B06169 /* Build configuration list for PBXProject "MapMark" */ = {
			isa = XCConfigurationList;
			buildConfigurations = (
				1E6145EA1D2CDEF200B06169 /* Debug */,
				1E6145EB1D2CDEF200B06169 /* Release */,
			);
			defaultConfigurationIsVisible = 0;
			defaultConfigurationName = Release;
		};
		1E6145EC1D2CDEF200B06169 /* Build configuration list for PBXNativeTarget "MapMark" */ = {
			isa = XCConfigurationList;
			buildConfigurations = (
				1E6145ED1D2CDEF200B06169 /* Debug */,
				1E6145EE1D2CDEF200B06169 /* Release */,
			);
			defaultConfigurationIsVisible = 0;
		};
/* End XCConfigurationList section */

/* Begin XCVersionGroup section */
		1E6145E11D2CDEF200B06169 /* MapMark.xcdatamodeld */ = {
			isa = XCVersionGroup;
			children = (
				1E6145E21D2CDEF200B06169 /* MapMark.xcdatamodel */,
			);
			currentVersion = 1E6145E21D2CDEF200B06169 /* MapMark.xcdatamodel */;
			path = MapMark.xcdatamodeld;
			sourceTree = "<group>";
			versionGroupType = wrapper.xcdatamodel;
		};
/* End XCVersionGroup section */
	};
	rootObject = 1E6145CF1D2CDEF100B06169 /* Project object */;
}
